
Microsoft Visual Studio Solution File, Format Version 12.00
# Visual Studio Version 16
VisualStudioVersion = 16.0.31605.320
MinimumVisualStudioVersion = 10.0.40219.1
Project("{FAE04EC0-301F-11D3-BF4B-00C04F79EFBC}") = "BookLibrary", "BookLibrary\BookLibrary.csproj", "{4A5613FD-24CE-47DA-96A3-3E62A577D2B5}"
EndProject
Global
	GlobalSection(SolutionConfigurationPlatforms) = preSolution
		Debug|Any CPU = Debug|Any CPU
		Release|Any CPU = Release|Any CPU
	EndGlobalSection
	GlobalSection(ProjectConfigurationPlatforms) = postSolution
		{4A5613FD-24CE-47DA-96A3-3E62A577D2B5}.Debug|Any CPU.ActiveCfg = Debug|Any CPU
		{4A5613FD-24CE-47DA-96A3-3E62A577D2B5}.Debug|Any CPU.Build.0 = Debug|Any CPU
		{4A5613FD-24CE-47DA-96A3-3E62A577D2B5}.Release|Any CPU.ActiveCfg = Release|Any CPU
		{4A5613FD-24CE-47DA-96A3-3E62A577D2B5}.Release|Any CPU.Build.0 = Release|Any CPU
	EndGlobalSection
	GlobalSection(SolutionProperties) = preSolution
		HideSolutionNode = FALSE
	EndGlobalSection
	GlobalSection(ExtensibilityGlobals) = postSolution
		SolutionGuid = {51764301-B34D-4F2C-A879-AB1849FA2BE8}
	EndGlobalSection
EndGlobal
